github.com/lestrrat-go/libxml2 v0.0.0-20201123224832-e6d9de61b80d h1:7uUkdtm6TC3olmG0I9lIAwBJQianl8YT5H8zcw6Mkpk=
github.com/lestrrat-go/libxml2 v0.0.0-20201123224832-e6d9de61b80d/go.mod h1:fy/ZVbgyB83mtricxwSW3zqIRXWOVpKG2PvdUDFeC58=
github.com/pkg/errors v0.9.1 h1:FEBLx1zS214owpjy7qsBeixbURkuhQAwrK5UwLGTwt4=
github.com/pkg/errors v0.9.1/go.mod h1:bwawxfHBFNV+L2hUp1rHADufV3IMtnDRdf1r5NINEl0=
